version = 1
revision = 2
requires-python = ">=3.12"

[[package]]
name = "colorama"
version = "0.4.6"
source = { registry = "https://pypi.org/simple" }
sdist = { url = "https://files.pythonhosted.org/packages/d8/53/6f443c9a4a8358a93a6792e2acffb9d9d5cb0a5cfd8802644b7b1c9a02e4/colorama-0.4.6.tar.gz", hash = "sha256:08695f5cb7ed6e0531a20572697297273c47b8cae5a63ffc6d6ed5c201be6e44", size = 27697, upload-time = "2022-10-25T02:36:22.414Z" }
wheels = [
    { url = "https://files.pythonhosted.org/packages/d1/d6/3965ed04c63042e047cb6a3e6ed1a63a35087b6a609aa3a15ed8ac56c221/colorama-0.4.6-py2.py3-none-any.whl", hash = "sha256:4f1d9991f5acc0ca119f9d443620b77f9d6b33703e51011c16baf57afb285fc6", size = 25335, upload-time = "2022-10-25T02:36:20.889Z" },
]

[[package]]
name = "gpiod"
version = "2.3.0"
source = { registry = "https://pypi.org/simple" }
sdist = { url = "https://files.pythonhosted.org/packages/8f/74/cb43c6e2fe74cf1567160ccbf54db176f72481e5ac58567684a262672c7c/gpiod-2.3.0.tar.gz", hash = "sha256:daa840ed5b691e7078a9cf21c79fe813b9a91c3ed0bdbafae0181c7b98b80300", size = 57304, upload-time = "2025-02-19T13:05:38.181Z" }
wheels = [
    { url = "https://files.pythonhosted.org/packages/85/64/95b821e38ddeb0a2eeec51d7d7b1c7bbdde9e4a821bcf1b674d882ec22af/gpiod-2.3.0-cp312-cp312-manylinux_2_17_aarch64.manylinux2014_aarch64.whl", hash = "sha256:9c6b680b27092daa5fc9bad651329fd2195c9bc78d9956c40e8b6d1c73927397", size = 103337, upload-time = "2025-02-19T13:05:17.913Z" },
    { url = "https://files.pythonhosted.org/packages/8b/15/175710d6eb9f0e63646c7540ba93ca49ff26693cf87b414f7369e34c6f45/gpiod-2.3.0-cp312-cp312-manylinux_2_17_x86_64.manylinux2014_x86_64.whl", hash = "sha256:d7f34b8594d40b95ffb0c28f798fd44c38bf5199d56c6fd6d578d5ba106018f7", size = 103138, upload-time = "2025-02-19T13:05:20.088Z" },
    { url = "https://files.pythonhosted.org/packages/51/58/078331e62b9f7c633cf961a8a4db85b97ffb059d21ff365a2a57ea8c7a39/gpiod-2.3.0-cp312-cp312-musllinux_1_2_aarch64.whl", hash = "sha256:6f828513d456ed0ca4f9d5e2c02ca6337cd2b4e0934e1dc22c5398b8ab90fbe1", size = 101482, upload-time = "2025-02-19T13:05:21.523Z" },
    { url = "https://files.pythonhosted.org/packages/e4/f0/4e6cac036971891678aaf31324b209ab2573ad8b22dd31bd3c63b75005f9/gpiod-2.3.0-cp312-cp312-musllinux_1_2_x86_64.whl", hash = "sha256:40bb477f09bad2d716e7b04405c8b3156f2bc009d235cc2f576a86cee7de2f74", size = 101105, upload-time = "2025-02-19T13:05:23.677Z" },
    { url = "https://files.pythonhosted.org/packages/a1/08/c68d099da0eb545e83132978d3e556803bd3fa90bcfc14d0842d78fa4718/gpiod-2.3.0-cp313-cp313-manylinux_2_17_aarch64.manylinux2014_aarch64.whl", hash = "sha256:7fdc3f63a277f8ae193f0c9b565bbd48e525e94c39cd463acd7b06250bf26507", size = 103244, upload-time = "2025-02-19T13:05:25.807Z" },
    { url = "https://files.pythonhosted.org/packages/3f/f1/1fc0c546ae4e7350615d98796df50e13235bbf5f0dfeab272f2f2a548671/gpiod-2.3.0-cp313-cp313-manylinux_2_17_x86_64.manylinux2014_x86_64.whl", hash = "sha256:660b613e5b88a9376fae85197b66e04e2381e04c98e234c3d3f70d567b52ee18", size = 103025, upload-time = "2025-02-19T13:05:27.237Z" },
    { url = "https://files.pythonhosted.org/packages/69/9b/01983ca816929667d09735f22316d14d03b5a9c003d2341d507fce167559/gpiod-2.3.0-cp313-cp313-musllinux_1_2_aarch64.whl", hash = "sha256:626808ec493f954edfe4b8860842fd9fbbdcdc65209c6efdb02e81acd6b9afdc", size = 101675, upload-time = "2025-02-19T13:05:28.732Z" },
    { url = "https://files.pythonhosted.org/packages/04/90/39845f3c357fe5925c404f138f81b2db2eb30e0333c5ab08e41bdbf124a6/gpiod-2.3.0-cp313-cp313-musllinux_1_2_x86_64.whl", hash = "sha256:5b82d05e86c72f11de32bef0abee76192c7fb60a216470c76e822bb5c207fc9b", size = 101162, upload-time = "2025-02-19T13:05:30.144Z" },
]

[[package]]
name = "iniconfig"
version = "2.1.0"
source = { registry = "https://pypi.org/simple" }
sdist = { url = "https://files.pythonhosted.org/packages/f2/97/ebf4da567aa6827c909642694d71c9fcf53e5b504f2d96afea02718862f3/iniconfig-2.1.0.tar.gz", hash = "sha256:3abbd2e30b36733fee78f9c7f7308f2d0050e88f0087fd25c2645f63c773e1c7", size = 4793, upload-time = "2025-03-19T20:09:59.721Z" }
wheels = [
    { url = "https://files.pythonhosted.org/packages/2c/e1/e6716421ea10d38022b952c159d5161ca1193197fb744506875fbb87ea7b/iniconfig-2.1.0-py3-none-any.whl", hash = "sha256:9deba5723312380e77435581c6bf4935c94cbfab9b1ed33ef8d238ea168eb760", size = 6050, upload-time = "2025-03-19T20:10:01.071Z" },
]

[[package]]
name = "mypy"
version = "1.18.1"
source = { registry = "https://pypi.org/simple" }
dependencies = [
    { name = "mypy-extensions" },
    { name = "pathspec" },
    { name = "typing-extensions" },
]
sdist = { url = "https://files.pythonhosted.org/packages/14/a3/931e09fc02d7ba96da65266884da4e4a8806adcdb8a57faaacc6edf1d538/mypy-1.18.1.tar.gz", hash = "sha256:9e988c64ad3ac5987f43f5154f884747faf62141b7f842e87465b45299eea5a9", size = 3448447, upload-time = "2025-09-11T23:00:47.067Z" }
wheels = [
    { url = "https://files.pythonhosted.org/packages/e7/14/1c3f54d606cb88a55d1567153ef3a8bc7b74702f2ff5eb64d0994f9e49cb/mypy-1.18.1-cp312-cp312-macosx_10_13_x86_64.whl", hash = "sha256:502cde8896be8e638588b90fdcb4c5d5b8c1b004dfc63fd5604a973547367bb9", size = 12911082, upload-time = "2025-09-11T23:00:41.465Z" },
    { url = "https://files.pythonhosted.org/packages/90/83/235606c8b6d50a8eba99773add907ce1d41c068edb523f81eb0d01603a83/mypy-1.18.1-cp312-cp312-macosx_11_0_arm64.whl", hash = "sha256:7509549b5e41be279afc1228242d0e397f1af2919a8f2877ad542b199dc4083e", size = 11919107, upload-time = "2025-09-11T22:58:40.903Z" },
    { url = "https://files.pythonhosted.org/packages/ca/25/4e2ce00f8d15b99d0c68a2536ad63e9eac033f723439ef80290ec32c1ff5/mypy-1.18.1-cp312-cp312-manylinux2014_aarch64.manylinux_2_17_aarch64.manylinux_2_28_aarch64.whl", hash = "sha256:5956ecaabb3a245e3f34100172abca1507be687377fe20e24d6a7557e07080e2", size = 12472551, upload-time = "2025-09-11T22:58:37.272Z" },
    { url = "https://files.pythonhosted.org/packages/32/bb/92642a9350fc339dd9dcefcf6862d171b52294af107d521dce075f32f298/mypy-1.18.1-cp312-cp312-manylinux2014_x86_64.manylinux_2_17_x86_64.manylinux_2_28_x86_64.whl", hash = "sha256:8750ceb014a96c9890421c83f0db53b0f3b8633e2864c6f9bc0a8e93951ed18d", size = 13340554, upload-time = "2025-09-11T22:59:38.756Z" },
    { url = "https://files.pythonhosted.org/packages/cd/ee/38d01db91c198fb6350025d28f9719ecf3c8f2c55a0094bfbf3ef478cc9a/mypy-1.18.1-cp312-cp312-musllinux_1_2_x86_64.whl", hash = "sha256:fb89ea08ff41adf59476b235293679a6eb53a7b9400f6256272fb6029bec3ce5", size = 13530933, upload-time = "2025-09-11T22:59:20.228Z" },
    { url = "https://files.pythonhosted.org/packages/da/8d/6d991ae631f80d58edbf9d7066e3f2a96e479dca955d9a968cd6e90850a3/mypy-1.18.1-cp312-cp312-win_amd64.whl", hash = "sha256:2657654d82fcd2a87e02a33e0d23001789a554059bbf34702d623dafe353eabf", size = 9828426, upload-time = "2025-09-11T23:00:21.007Z" },
    { url = "https://files.pythonhosted.org/packages/e4/ec/ef4a7260e1460a3071628a9277a7579e7da1b071bc134ebe909323f2fbc7/mypy-1.18.1-cp313-cp313-macosx_10_13_x86_64.whl", hash = "sha256:d70d2b5baf9b9a20bc9c730015615ae3243ef47fb4a58ad7b31c3e0a59b5ef1f", size = 12918671, upload-time = "2025-09-11T22:58:29.814Z" },
    { url = "https://files.pythonhosted.org/packages/a1/82/0ea6c3953f16223f0b8eda40c1aeac6bd266d15f4902556ae6e91f6fca4c/mypy-1.18.1-cp313-cp313-macosx_11_0_arm64.whl", hash = "sha256:b8367e33506300f07a43012fc546402f283c3f8bcff1dc338636affb710154ce", size = 11913023, upload-time = "2025-09-11T23:00:29.049Z" },
    { url = "https://files.pythonhosted.org/packages/ae/ef/5e2057e692c2690fc27b3ed0a4dbde4388330c32e2576a23f0302bc8358d/mypy-1.18.1-cp313-cp313-manylinux2014_aarch64.manylinux_2_17_aarch64.manylinux_2_28_aarch64.whl", hash = "sha256:913f668ec50c3337b89df22f973c1c8f0b29ee9e290a8b7fe01cc1ef7446d42e", size = 12473355, upload-time = "2025-09-11T23:00:04.544Z" },
    { url = "https://files.pythonhosted.org/packages/98/43/b7e429fc4be10e390a167b0cd1810d41cb4e4add4ae50bab96faff695a3b/mypy-1.18.1-cp313-cp313-manylinux2014_x86_64.manylinux_2_17_x86_64.manylinux_2_28_x86_64.whl", hash = "sha256:1a0e70b87eb27b33209fa4792b051c6947976f6ab829daa83819df5f58330c71", size = 13346944, upload-time = "2025-09-11T22:58:23.024Z" },
    { url = "https://files.pythonhosted.org/packages/89/4e/899dba0bfe36bbd5b7c52e597de4cf47b5053d337b6d201a30e3798e77a6/mypy-1.18.1-cp313-cp313-musllinux_1_2_x86_64.whl", hash = "sha256:c378d946e8a60be6b6ede48c878d145546fb42aad61df998c056ec151bf6c746", size = 13512574, upload-time = "2025-09-11T22:59:52.152Z" },
    { url = "https://files.pythonhosted.org/packages/f5/f8/7661021a5b0e501b76440454d786b0f01bb05d5c4b125fcbda02023d0250/mypy-1.18.1-cp313-cp313-win_amd64.whl", hash = "sha256:2cd2c1e0f3a7465f22731987fff6fc427e3dcbb4ca5f7db5bbeaff2ff9a31f6d", size = 9837684, upload-time = "2025-09-11T22:58:44.454Z" },
    { url = "https://files.pythonhosted.org/packages/bf/87/7b173981466219eccc64c107cf8e5ab9eb39cc304b4c07df8e7881533e4f/mypy-1.18.1-cp314-cp314-macosx_10_13_x86_64.whl", hash = "sha256:ba24603c58e34dd5b096dfad792d87b304fc6470cbb1c22fd64e7ebd17edcc61", size = 12900265, upload-time = "2025-09-11T22:59:03.4Z" },
    { url = "https://files.pythonhosted.org/packages/ae/cc/b10e65bae75b18a5ac8f81b1e8e5867677e418f0dd2c83b8e2de9ba96ebd/mypy-1.18.1-cp314-cp314-macosx_11_0_arm64.whl", hash = "sha256:ed36662fb92ae4cb3cacc682ec6656208f323bbc23d4b08d091eecfc0863d4b5", size = 11942890, upload-time = "2025-09-11T23:00:00.607Z" },
    { url = "https://files.pythonhosted.org/packages/39/d4/aeefa07c44d09f4c2102e525e2031bc066d12e5351f66b8a83719671004d/mypy-1.18.1-cp314-cp314-manylinux2014_aarch64.manylinux_2_17_aarch64.manylinux_2_28_aarch64.whl", hash = "sha256:040ecc95e026f71a9ad7956fea2724466602b561e6a25c2e5584160d3833aaa8", size = 12472291, upload-time = "2025-09-11T22:59:43.425Z" },
    { url = "https://files.pythonhosted.org/packages/c6/07/711e78668ff8e365f8c19735594ea95938bff3639a4c46a905e3ed8ff2d6/mypy-1.18.1-cp314-cp314-manylinux2014_x86_64.manylinux_2_17_x86_64.manylinux_2_28_x86_64.whl", hash = "sha256:937e3ed86cb731276706e46e03512547e43c391a13f363e08d0fee49a7c38a0d", size = 13318610, upload-time = "2025-09-11T23:00:17.604Z" },
    { url = "https://files.pythonhosted.org/packages/ca/85/df3b2d39339c31d360ce299b418c55e8194ef3205284739b64962f6074e7/mypy-1.18.1-cp314-cp314-musllinux_1_2_x86_64.whl", hash = "sha256:1f95cc4f01c0f1701ca3b0355792bccec13ecb2ec1c469e5b85a6ef398398b1d", size = 13513697, upload-time = "2025-09-11T22:58:59.534Z" },
    { url = "https://files.pythonhosted.org/packages/b1/df/462866163c99ea73bb28f0eb4d415c087e30de5d36ee0f5429d42e28689b/mypy-1.18.1-cp314-cp314-win_amd64.whl", hash = "sha256:e4f16c0019d48941220ac60b893615be2f63afedaba6a0801bdcd041b96991ce", size = 9985739, upload-time = "2025-09-11T22:58:51.644Z" },
    { url = "https://files.pythonhosted.org/packages/e0/1d/4b97d3089b48ef3d904c9ca69fab044475bd03245d878f5f0b3ea1daf7ce/mypy-1.18.1-py3-none-any.whl", hash = "sha256:b76a4de66a0ac01da1be14ecc8ae88ddea33b8380284a9e3eae39d57ebcbe26e", size = 2352212, upload-time = "2025-09-11T22:59:26.576Z" },
]

[[package]]
name = "mypy-extensions"
version = "1.1.0"
source = { registry = "https://pypi.org/simple" }
sdist = { url = "https://files.pythonhosted.org/packages/a2/6e/371856a3fb9d31ca8dac321cda606860fa4548858c0cc45d9d1d4ca2628b/mypy_extensions-1.1.0.tar.gz", hash = "sha256:52e68efc3284861e772bbcd66823fde5ae21fd2fdb51c62a211403730b916558", size = 6343, upload-time = "2025-04-22T14:54:24.164Z" }
wheels = [
    { url = "https://files.pythonhosted.org/packages/79/7b/2c79738432f5c924bef5071f933bcc9efd0473bac3b4aa584a6f7c1c8df8/mypy_extensions-1.1.0-py3-none-any.whl", hash = "sha256:1be4cccdb0f2482337c4743e60421de3a356cd97508abadd57d47403e94f5505", size = 4963, upload-time = "2025-04-22T14:54:22.983Z" },
]

[[package]]
name = "packaging"
version = "24.2"
source = { registry = "https://pypi.org/simple" }
sdist = { url = "https://files.pythonhosted.org/packages/d0/63/68dbb6eb2de9cb10ee4c9c14a0148804425e13c4fb20d61cce69f53106da/packaging-24.2.tar.gz", hash = "sha256:c228a6dc5e932d346bc5739379109d49e8853dd8223571c7c5b55260edc0b97f", size = 163950, upload-time = "2024-11-08T09:47:47.202Z" }
wheels = [
    { url = "https://files.pythonhosted.org/packages/88/ef/eb23f262cca3c0c4eb7ab1933c3b1f03d021f2c48f54763065b6f0e321be/packaging-24.2-py3-none-any.whl", hash = "sha256:09abb1bccd265c01f4a3aa3f7a7db064b36514d2cba19a2f694fe6150451a759", size = 65451, upload-time = "2024-11-08T09:47:44.722Z" },
]

[[package]]
name = "paho-mqtt"
version = "2.1.0"
source = { registry = "https://pypi.org/simple" }
sdist = { url = "https://files.pythonhosted.org/packages/39/15/0a6214e76d4d32e7f663b109cf71fb22561c2be0f701d67f93950cd40542/paho_mqtt-2.1.0.tar.gz", hash = "sha256:12d6e7511d4137555a3f6ea167ae846af2c7357b10bc6fa4f7c3968fc1723834", size = 148848, upload-time = "2024-04-29T19:52:55.591Z" }
wheels = [
    { url = "https://files.pythonhosted.org/packages/c4/cb/00451c3cf31790287768bb12c6bec834f5d292eaf3022afc88e14b8afc94/paho_mqtt-2.1.0-py3-none-any.whl", hash = "sha256:6db9ba9b34ed5bc6b6e3812718c7e06e2fd7444540df2455d2c51bd58808feee", size = 67219, upload-time = "2024-04-29T19:52:48.345Z" },
]

[[package]]
name = "pathspec"
version = "0.12.1"
source = { registry = "https://pypi.org/simple" }
sdist = { url = "https://files.pythonhosted.org/packages/ca/bc/f35b8446f4531a7cb215605d100cd88b7ac6f44ab3fc94870c120ab3adbf/pathspec-0.12.1.tar.gz", hash = "sha256:a482d51503a1ab33b1c67a6c3813a26953dbdc71c31dacaef9a838c4e29f5712", size = 51043, upload-time = "2023-12-10T22:30:45Z" }
wheels = [
    { url = "https://files.pythonhosted.org/packages/cc/20/ff623b09d963f88bfde16306a54e12ee5ea43e9b597108672ff3a408aad6/pathspec-0.12.1-py3-none-any.whl", hash = "sha256:a0d503e138a4c123b27490a4f7beda6a01c6f288df0e4a8b79c7eb0dc7b4cc08", size = 31191, upload-time = "2023-12-10T22:30:43.14Z" },
]

[[package]]
name = "pluggy"
version = "1.5.0"
source = { registry = "https://pypi.org/simple" }
sdist = { url = "https://files.pythonhosted.org/packages/96/2d/02d4312c973c6050a18b314a5ad0b3210edb65a906f868e31c111dede4a6/pluggy-1.5.0.tar.gz", hash = "sha256:2cffa88e94fdc978c4c574f15f9e59b7f4201d439195c3715ca9e2486f1d0cf1", size = 67955, upload-time = "2024-04-20T21:34:42.531Z" }
wheels = [
    { url = "https://files.pythonhosted.org/packages/88/5f/e351af9a41f866ac3f1fac4ca0613908d9a41741cfcf2228f4ad853b697d/pluggy-1.5.0-py3-none-any.whl", hash = "sha256:44e1ad92c8ca002de6377e165f3e0f1be63266ab4d554740532335b9d75ea669", size = 20556, upload-time = "2024-04-20T21:34:40.434Z" },
]

[[package]]
name = "pytest"
version = "8.3.5"
source = { registry = "https://pypi.org/simple" }
dependencies = [
    { name = "colorama", marker = "sys_platform == 'win32'" },
    { name = "iniconfig" },
    { name = "packaging" },
    { name = "pluggy" },
]
sdist = { url = "https://files.pythonhosted.org/packages/ae/3c/c9d525a414d506893f0cd8a8d0de7706446213181570cdbd766691164e40/pytest-8.3.5.tar.gz", hash = "sha256:f4efe70cc14e511565ac476b57c279e12a855b11f48f212af1080ef2263d3845", size = 1450891, upload-time = "2025-03-02T12:54:54.503Z" }
wheels = [
    { url = "https://files.pythonhosted.org/packages/30/3d/64ad57c803f1fa1e963a7946b6e0fea4a70df53c1a7fed304586539c2bac/pytest-8.3.5-py3-none-any.whl", hash = "sha256:c69214aa47deac29fad6c2a4f590b9c4a9fdb16a403176fe154b79c0b4d4d820", size = 343634, upload-time = "2025-03-02T12:54:52.069Z" },
]

[[package]]
name = "sandman-main"
version = "1.0.0"
source = { virtual = "." }
dependencies = [
    { name = "gpiod" },
    { name = "paho-mqtt" },
    { name = "tzdata" },
    { name = "whenever" },
]

[package.dev-dependencies]
dev = [
    { name = "mypy" },
    { name = "pytest" },
    { name = "types-paho-mqtt" },
]

[package.metadata]
requires-dist = [
    { name = "gpiod", specifier = ">=2.3.0" },
    { name = "paho-mqtt", specifier = ">=2.1.0" },
    { name = "tzdata", specifier = ">=2025.2" },
    { name = "whenever", specifier = ">=0.8.9" },
]

[package.metadata.requires-dev]
dev = [
    { name = "mypy", specifier = ">=1.18.1" },
    { name = "pytest", specifier = ">=8.3.5" },
    { name = "types-paho-mqtt", specifier = ">=1.6.0.20240321" },
]

[[package]]
name = "types-paho-mqtt"
version = "1.6.0.20240321"
source = { registry = "https://pypi.org/simple" }
sdist = { url = "https://files.pythonhosted.org/packages/a6/2e/8836d327c52dd8818a6c61e976a627f04e68f11dc2e9980b70e7ce447475/types-paho-mqtt-1.6.0.20240321.tar.gz", hash = "sha256:694eec160340f2a2b151237dcc3f107a63e1c4e5b8f9fcda0ba392049af9cbec", size = 8173, upload-time = "2024-03-21T02:15:17.779Z" }
wheels = [
    { url = "https://files.pythonhosted.org/packages/92/60/bd4d0cf58c7d7bbeed3c0043647f3b7b6ea0c27fd9cfd54dfdea4927bbc6/types_paho_mqtt-1.6.0.20240321-py3-none-any.whl", hash = "sha256:cd275c14f39363c2a0f8286ead9a46962e5421ebd477547b892ae016699f5a4a", size = 9260, upload-time = "2024-03-21T02:15:16.712Z" },
]

[[package]]
name = "typing-extensions"
version = "4.15.0"
source = { registry = "https://pypi.org/simple" }
sdist = { url = "https://files.pythonhosted.org/packages/72/94/1a15dd82efb362ac84269196e94cf00f187f7ed21c242792a923cdb1c61f/typing_extensions-4.15.0.tar.gz", hash = "sha256:0cea48d173cc12fa28ecabc3b837ea3cf6f38c6d1136f85cbaaf598984861466", size = 109391, upload-time = "2025-08-25T13:49:26.313Z" }
wheels = [
    { url = "https://files.pythonhosted.org/packages/18/67/36e9267722cc04a6b9f15c7f3441c2363321a3ea07da7ae0c0707beb2a9c/typing_extensions-4.15.0-py3-none-any.whl", hash = "sha256:f0fa19c6845758ab08074a0cfa8b7aecb71c999ca73d62883bc25cc018c4e548", size = 44614, upload-time = "2025-08-25T13:49:24.86Z" },
]

[[package]]
name = "tzdata"
version = "2025.2"
source = { registry = "https://pypi.org/simple" }
sdist = { url = "https://files.pythonhosted.org/packages/95/32/1a225d6164441be760d75c2c42e2780dc0873fe382da3e98a2e1e48361e5/tzdata-2025.2.tar.gz", hash = "sha256:b60a638fcc0daffadf82fe0f57e53d06bdec2f36c4df66280ae79bce6bd6f2b9", size = 196380, upload-time = "2025-03-23T13:54:43.652Z" }
wheels = [
    { url = "https://files.pythonhosted.org/packages/5c/23/c7abc0ca0a1526a0774eca151daeb8de62ec457e77262b66b359c3c7679e/tzdata-2025.2-py2.py3-none-any.whl", hash = "sha256:1a403fada01ff9221ca8044d701868fa132215d84beb92242d9acd2147f667a8", size = 347839, upload-time = "2025-03-23T13:54:41.845Z" },
]

[[package]]
name = "whenever"
version = "0.8.9"
source = { registry = "https://pypi.org/simple" }
dependencies = [
    { name = "tzdata", marker = "sys_platform == 'win32'" },
]
sdist = { url = "https://files.pythonhosted.org/packages/c5/b8/ab68eac6c8f0f13542fa01f1aac6837e70aa5f4556891e57424eb1ada80b/whenever-0.8.9.tar.gz", hash = "sha256:2df8bdbd2b7898f404a2fd61f6eeb8641ccd191d4878b5d1853f3507bd22b2c6", size = 240155, upload-time = "2025-09-21T12:55:48.654Z" }
wheels = [
    { url = "https://files.pythonhosted.org/packages/6d/69/6378f3c6f42525fa2c85c17ae53b813c8427f3f5d56dad4a759b46992a9f/whenever-0.8.9-cp312-cp312-macosx_10_12_x86_64.whl", hash = "sha256:1ec00dde447350a5222ce48e22034f3deca9108af7e3a12e304326ec9fc49d46", size = 391222, upload-time = "2025-09-21T12:55:28.529Z" },
    { url = "https://files.pythonhosted.org/packages/5e/7f/4e2dc970d71e36302ecc3191c59bec995394eabc8218b82a3a11aa614ecd/whenever-0.8.9-cp312-cp312-macosx_11_0_arm64.whl", hash = "sha256:c39e110c76c005c8eff7c1039ede61c257bdec14076db323273b59a6c4325ddc", size = 375129, upload-time = "2025-09-21T12:55:20.677Z" },
    { url = "https://files.pythonhosted.org/packages/b3/2c/f6dab73edf504cc00a4788d8c54a47a5aa2617cd131c75aea431a5fd10a4/whenever-0.8.9-cp312-cp312-manylinux_2_17_aarch64.manylinux2014_aarch64.whl", hash = "sha256:0bcd4d52ec4c8ed7a668566bf6d4dd3c955c219e9a81d8077b55281b468d155b", size = 396772, upload-time = "2025-09-21T12:54:07.353Z" },
    { url = "https://files.pythonhosted.org/packages/87/c4/d51518c678e56c7bc2b3e5aa90413f684eabf1b735c66bb1dfa5178242c6/whenever-0.8.9-cp312-cp312-manylinux_2_17_armv7l.manylinux2014_armv7l.whl", hash = "sha256:849219c4ca784b7e6e160b41c3bdbba57359b25044df9dff9b044ac66534a8a8", size = 437282, upload-time = "2025-09-21T12:54:23.41Z" },
    { url = "https://files.pythonhosted.org/packages/40/d9/baf67c2e49a244e90ce899e64609067d4b827d660172df47da9e12cf054e/whenever-0.8.9-cp312-cp312-manylinux_2_17_ppc64le.manylinux2014_ppc64le.whl", hash = "sha256:bb1e611c4e072c377f29812051f0d3b1ca911ff9f86943b69514755f1ff89a2c", size = 432764, upload-time = "2025-09-21T12:54:37.748Z" },
    { url = "https://files.pythonhosted.org/packages/7a/ac/9eead179a34fc73caaa7b0fa1c1e4584dc58bbbdd13342d680f0f2db5d15/whenever-0.8.9-cp312-cp312-manylinux_2_17_s390x.manylinux2014_s390x.whl", hash = "sha256:7c3e0b52f95d9e0266f04a1cb337ae958c962168ccec957f76d467067dce1f82", size = 451518, upload-time = "2025-09-21T12:54:44.31Z" },
    { url = "https://files.pythonhosted.org/packages/25/b9/df4de152aea628197ae10b3a69a656ec445359d662ee62bb13a72d254c84/whenever-0.8.9-cp312-cp312-manylinux_2_17_x86_64.manylinux2014_x86_64.whl", hash = "sha256:de2d393f97fa982c35283546bfadbe6b482f715aa90273950f83a9b3e1093668", size = 412830, upload-time = "2025-09-21T12:55:06.439Z" },
    { url = "https://files.pythonhosted.org/packages/34/bb/2199547f1485e37f35052bab085a0d41d7a5fe4ac40d6325f50461393f96/whenever-0.8.9-cp312-cp312-manylinux_2_5_i686.manylinux1_i686.whl", hash = "sha256:059206022a04e27f97524256a6b3c9ed361419bb5f691d382cca4f987c07e0d0", size = 452057, upload-time = "2025-09-21T12:54:51.816Z" },
    { url = "https://files.pythonhosted.org/packages/d6/d7/8cc6e6707680f4e3bfb4bb8a4583db6792839c5ba3d6bc8d0c98266fffc0/whenever-0.8.9-cp312-cp312-musllinux_1_2_aarch64.whl", hash = "sha256:ad98973805fc0b75358849f0b428431d071aefa59d1bc716f36c7b187ea49825", size = 575232, upload-time = "2025-09-21T12:54:14.89Z" },
    { url = "https://files.pythonhosted.org/packages/ba/ff/c67304afc02fbc4bacab373d88cb4b3d02a5ba99a341418b011dd89aec6d/whenever-0.8.9-cp312-cp312-musllinux_1_2_armv7l.whl", hash = "sha256:ae2f5c57777471b00d2b2ad2b3538e8cf0795439a2ce1cd1996d66d8c090b612", size = 701994, upload-time = "2025-09-21T12:54:30.703Z" },
    { url = "https://files.pythonhosted.org/packages/b2/87/245f8fc3f17036ce5a7a86a58b6c3ab22f44f8727d0f001ed26365cab662/whenever-0.8.9-cp312-cp312-musllinux_1_2_i686.whl", hash = "sha256:be3f2b632ceef83de3a2d71156ecb4106fd05723a3d48f390e10c5f00c181e9a", size = 626822, upload-time = "2025-09-21T12:54:59.358Z" },
    { url = "https://files.pythonhosted.org/packages/81/30/e0c91b26c33f6433c4b060ac3f26fff90533626aa935abb65a915eed50d9/whenever-0.8.9-cp312-cp312-musllinux_1_2_x86_64.whl", hash = "sha256:cff750598c4fd00774dee1ac0019101c9fd938c5591a999b6d1345c4ac396801", size = 583997, upload-time = "2025-09-21T12:55:13.778Z" },
    { url = "https://files.pythonhosted.org/packages/2f/1d/1195aff62d073e0cccc3b9d9ec692157bc5632e7030adc7c20cb56e1c592/whenever-0.8.9-cp312-cp312-win32.whl", hash = "sha256:2815dbf52316b8865a9e376e1289dd47d8c1da5c07477aab0381bfd8e0e51d0c", size = 329910, upload-time = "2025-09-21T12:55:35.639Z" },
    { url = "https://files.pythonhosted.org/packages/0c/23/2738c8153961e8714bb3751ef25b32d3b0e77d4a086bc0c82e136933b964/whenever-0.8.9-cp312-cp312-win_amd64.whl", hash = "sha256:89e63baf1923507ea82a0c1a02b6181c804f49c558e441d76e5d24e3a10bb690", size = 322293, upload-time = "2025-09-21T12:55:42.468Z" },
    { url = "https://files.pythonhosted.org/packages/cc/76/e7bca69087803db4c4bcc25767964f8ec638d5f3724ee37e3e48e37a3d5c/whenever-0.8.9-cp313-cp313-macosx_10_12_x86_64.whl", hash = "sha256:0395da9d9cf0267f50e84c3f5c42e2438d765b96cf7ef5d56ddd801fdb1e1a0b", size = 391227, upload-time = "2025-09-21T12:55:29.683Z" },
    { url = "https://files.pythonhosted.org/packages/31/37/3449a30fc21e84d4221346db7cb69cddf6611b181bc95e1014cb84722b55/whenever-0.8.9-cp313-cp313-macosx_11_0_arm64.whl", hash = "sha256:924b778a4e2266c09502fba426ff947271a1a6aafb42be1739cae11e249c895d", size = 375118, upload-time = "2025-09-21T12:55:22.145Z" },
    { url = "https://files.pythonhosted.org/packages/84/f1/dbc972e00fb10a64979a47e9a851bec546daf2d04fa740631c77b24b7613/whenever-0.8.9-cp313-cp313-manylinux_2_17_aarch64.manylinux2014_aarch64.whl", hash = "sha256:210349884bb8b187b8bc9cfb1184136c1f15b59e2076bbefc05919b15a64fe7c", size = 396778, upload-time = "2025-09-21T12:54:08.746Z" },
    { url = "https://files.pythonhosted.org/packages/be/2f/0f0f0591ad94569d5ee372295617fae9b715b05952b381837280cd86aea6/whenever-0.8.9-cp313-cp313-manylinux_2_17_armv7l.manylinux2014_armv7l.whl", hash = "sha256:a9e747b796101c224dbd3a38280262707fec6bb9fadb103c08f96b3c31f1bef0", size = 437298, upload-time = "2025-09-21T12:54:24.36Z" },
    { url = "https://files.pythonhosted.org/packages/38/1d/20035025e64ddcb79456fbd393f25af03a3aeb0600b302cd5e6295d45fc9/whenever-0.8.9-cp313-cp313-manylinux_2_17_ppc64le.manylinux2014_ppc64le.whl", hash = "sha256:3ef3737ad1d65b9e0b1f0471cd3ec92e8df1adf9c32c2749abc9ca4201b165f5", size = 432767, upload-time = "2025-09-21T12:54:38.736Z" },
    { url = "https://files.pythonhosted.org/packages/d5/88/dfe08f0c2df1c05d1d637eff68c25bee67b25286206b01ef4991a2e8d3fa/whenever-0.8.9-cp313-cp313-manylinux_2_17_s390x.manylinux2014_s390x.whl", hash = "sha256:048649363722a2d11bf857bcf8d57922722f07d32b1771810f01c2a8b0fc3c5e", size = 451533, upload-time = "2025-09-21T12:54:45.315Z" },
    { url = "https://files.pythonhosted.org/packages/19/4a/98030aacda1af6b10522a6d72e6a72033392c255b474f82e924aa56e3a08/whenever-0.8.9-cp313-cp313-manylinux_2_17_x86_64.manylinux2014_x86_64.whl", hash = "sha256:5af3f15e365a123240a337acc6872fefbf0015d79ae40faf02cdf1af0c317bae", size = 412824, upload-time = "2025-09-21T12:55:07.522Z" },
    { url = "https://files.pythonhosted.org/packages/36/0f/30fa4193cd85efd177102363415bc7baf8cd7c4a6d3405386e9ddc404773/whenever-0.8.9-cp313-cp313-manylinux_2_5_i686.manylinux1_i686.whl", hash = "sha256:b87349db66382ef96683499b493d4d3ba739cb68aa96fad8e6a4ac15c5e5dbef", size = 452063, upload-time = "2025-09-21T12:54:52.822Z" },
    { url = "https://files.pythonhosted.org/packages/0c/13/c4369148f1d9ed96a57780a753a0ba9fc5d18436d7a6af14b44aa1eea398/whenever-0.8.9-cp313-cp313-musllinux_1_2_aarch64.whl", hash = "sha256:5587402bc36650613f49eadce2df361e3743fd913d891199a13967538114e3b0", size = 575231, upload-time = "2025-09-21T12:54:16.299Z" },
    { url = "https://files.pythonhosted.org/packages/cc/14/cd587b1a21c9b2d64ce3d089f3bb97988e801fd283ca1767e5f787ee5b19/whenever-0.8.9-cp313-cp313-musllinux_1_2_armv7l.whl", hash = "sha256:0a965613f5fad5880224f4cf164406c0703a5765498c862e565ff80e8413b2b1", size = 702007, upload-time = "2025-09-21T12:54:32.036Z" },
    { url = "https://files.pythonhosted.org/packages/d1/cf/3bebdeda37ceed822cb2a3a2717cc784fb93059cc606115442ffcd29300e/whenever-0.8.9-cp313-cp313-musllinux_1_2_i686.whl", hash = "sha256:13fa7f0e95424418cd2972f5891f7dbe85dff88ae4dc6d0edfaadea0c9c3fe29", size = 626823, upload-time = "2025-09-21T12:55:00.93Z" },
    { url = "https://files.pythonhosted.org/packages/a7/9c/b847ed6514d3619100f815cd8169ce4c2086640b9b86942ecb15fdb7b911/whenever-0.8.9-cp313-cp313-musllinux_1_2_x86_64.whl", hash = "sha256:1ab2e73b5f5becea8408d2c4d46c29bd7af29a5c95194f3c66a64b1a0c8d1eaf", size = 583994, upload-time = "2025-09-21T12:55:14.919Z" },
    { url = "https://files.pythonhosted.org/packages/6d/aa/a575ba6f87174aa3145f7878d07709591586b155ad6da68354fe1705b1bd/whenever-0.8.9-cp313-cp313-win32.whl", hash = "sha256:a9ceafcc60f03c18ed94ee9c0e20ad41b3937d0eacea4bf6b68628baa5263dd5", size = 329910, upload-time = "2025-09-21T12:55:36.733Z" },
    { url = "https://files.pythonhosted.org/packages/f5/3b/fa6ecd7590336a488af0827cfb147dd93a0721a3137f1da1e055948fef93/whenever-0.8.9-cp313-cp313-win_amd64.whl", hash = "sha256:1852dae89e1fa79d629dae3e8f9f5ff7ec06ccb342ce8b4285828fdcda373e7c", size = 322300, upload-time = "2025-09-21T12:55:43.576Z" },
    { url = "https://files.pythonhosted.org/packages/76/9c/7c6ad694e1bfcf12ee1a47e8ebe1a499139ed8372df74d17d2c3854182d6/whenever-0.8.9-cp314-cp314-macosx_10_12_x86_64.whl", hash = "sha256:4dbee1cbef47453bf08aa341aca6e36871ba69f58629cec18f41ab74977d5e5b", size = 392576, upload-time = "2025-09-21T12:55:31.265Z" },
    { url = "https://files.pythonhosted.org/packages/49/65/52e59df11183566ac772995f13d53eaea40a01fff853f947f518ee6e6bbc/whenever-0.8.9-cp314-cp314-macosx_11_0_arm64.whl", hash = "sha256:3940001d5d2d104b288101ccfd3e298fc9d05884d6cfdf1a98fa5bc47184921f", size = 376915, upload-time = "2025-09-21T12:55:23.803Z" },
    { url = "https://files.pythonhosted.org/packages/e2/16/68bc861c7e8615a487e9ffbe5b122fbe979c22a221f438c1c85d4c55b016/whenever-0.8.9-cp314-cp314-manylinux_2_17_aarch64.manylinux2014_aarch64.whl", hash = "sha256:da9aca3c617acc2f1f4c3dabd4be6b7791b2ae20795458bcd84a4f1019017827", size = 397481, upload-time = "2025-09-21T12:54:09.973Z" },
    { url = "https://files.pythonhosted.org/packages/c7/3f/cf04a1237efe5b6f886d04e158e34fe67a794d653a3b23a7ff039f6da75c/whenever-0.8.9-cp314-cp314-manylinux_2_17_armv7l.manylinux2014_armv7l.whl", hash = "sha256:6791a14098c6c678dfd7e315747a7e67a9b221bae9d10773c6416fd4ac911b69", size = 438608, upload-time = "2025-09-21T12:54:25.345Z" },
    { url = "https://files.pythonhosted.org/packages/91/85/5b184b1d8904c170848c0efb20b209e1a3ef05a98799175fecda16bbd83d/whenever-0.8.9-cp314-cp314-manylinux_2_17_ppc64le.manylinux2014_ppc64le.whl", hash = "sha256:b4d9dd4228c2d2fe233973ecf7e6579aa7e4dca1bbcfc6e045aa74fc46c612f7", size = 434458, upload-time = "2025-09-21T12:54:40.12Z" },
    { url = "https://files.pythonhosted.org/packages/39/fe/31ee3a05b1caa10879ca4705b4bea0a1fa6ee2d6d9a78df4569494ee03cc/whenever-0.8.9-cp314-cp314-manylinux_2_17_s390x.manylinux2014_s390x.whl", hash = "sha256:ea3f79d6461d3492acbfdd711d2add13609a339825bec955d244a6631a597096", size = 452833, upload-time = "2025-09-21T12:54:46.324Z" },
    { url = "https://files.pythonhosted.org/packages/5d/4b/4697de829f990cbd05765e2e0adef0122b5bbf966b70562de11acbe43aa4/whenever-0.8.9-cp314-cp314-manylinux_2_17_x86_64.manylinux2014_x86_64.whl", hash = "sha256:1840420da39c2e4f026959a24b68f5f16c15017de2132eec889ef2a0f7cd37f0", size = 414241, upload-time = "2025-09-21T12:55:08.589Z" },
    { url = "https://files.pythonhosted.org/packages/de/bf/13d5c844052db435b4f86e3de020a0a3f19f59df47d321df82996d5ec27f/whenever-0.8.9-cp314-cp314-manylinux_2_5_i686.manylinux1_i686.whl", hash = "sha256:89289c4d4f9ecec201b782596fbeebb18143443a57e361df54af7810cf2e00c4", size = 453420, upload-time = "2025-09-21T12:54:53.859Z" },
    { url = "https://files.pythonhosted.org/packages/7e/33/df31d23edf931f024b4261c98925d8a834e5b7030fc27f78f23e94c7bad0/whenever-0.8.9-cp314-cp314-musllinux_1_2_aarch64.whl", hash = "sha256:e80d2a3f32d02e404498d28cd69d00e7cad545bf0a2a4593a626b45f41dbe7df", size = 575752, upload-time = "2025-09-21T12:54:17.578Z" },
    { url = "https://files.pythonhosted.org/packages/16/59/1b5eacb2559ac7615fd12dd8f05eb496142a545254aef10b8f0b8be4e73e/whenever-0.8.9-cp314-cp314-musllinux_1_2_armv7l.whl", hash = "sha256:17e45a79b7f7c21281fc42a27740a34a669d52b5dc852823760f9822f07282f1", size = 703295, upload-time = "2025-09-21T12:54:33.072Z" },
    { url = "https://files.pythonhosted.org/packages/93/49/c7ed43b106c5e2f41fd3095bffc34ac99564c693257995e219554ef3b9b5/whenever-0.8.9-cp314-cp314-musllinux_1_2_i686.whl", hash = "sha256:f0de5a3ad679abcc2ca63b732a8e3cfb29a5816fb44a36429296df9a46172af9", size = 628684, upload-time = "2025-09-21T12:55:02.133Z" },
    { url = "https://files.pythonhosted.org/packages/cb/b5/d3024a020e92514cea1c1e53bcc5dbfa7060d97b7d2f40799f79df1ae081/whenever-0.8.9-cp314-cp314-musllinux_1_2_x86_64.whl", hash = "sha256:284ac0b1d34d7637d8e22bd2e9945b7150f1fb96a28bbeb222d88efd07a95964", size = 585423, upload-time = "2025-09-21T12:55:16.268Z" },
    { url = "https://files.pythonhosted.org/packages/7c/d2/0cfa031347e9aaf1918d7e5b0401dd0d159483d3cbce1398e7551a016246/whenever-0.8.9-cp314-cp314-win32.whl", hash = "sha256:f4e9e3678f5d4ceabbfa5de20d8284e8c08af8c961ddcccdf1a0c7e28ddb1215", size = 331645, upload-time = "2025-09-21T12:55:37.798Z" },
    { url = "https://files.pythonhosted.org/packages/4a/70/79947e7deaa37f8a1017fb52b27e244f41290a4e7f7db6f16c94f0693c96/whenever-0.8.9-cp314-cp314-win_amd64.whl", hash = "sha256:275f0684c04c79a89ba62c3dda5ff00559fa8fd4121e414199a1b0ded6edcf59", size = 324342, upload-time = "2025-09-21T12:55:44.718Z" },
    { url = "https://files.pythonhosted.org/packages/d3/a1/be7ceae95145e9957b25da01d0c598a5f3fe119ae6c2395d46f42cbb394d/whenever-0.8.9-py3-none-any.whl", hash = "sha256:c9dda1e755f5ac2e0df5e0ef915d7785953cf63bc09838f793316fb26fb18002", size = 53491, upload-time = "2025-09-21T12:55:47.673Z" },
]
